
Microsoft Visual Studio Solution File, Format Version 12.00
# Visual Studio Version 16
Project("{8BC9CEB8-8B4A-11D0-8D11-00A0C91BC942}") = "ALL_BUILD", "ALL_BUILD.vcxproj", "{3A5021FA-C395-317B-A2BF-F0D04164F857}"
	ProjectSection(ProjectDependencies) = postProject
		{6D51A0EF-54E0-3645-89A4-62008456A0A6} = {6D51A0EF-54E0-3645-89A4-62008456A0A6}
		{267EADEC-DDBE-37CD-9117-580556A71C00} = {267EADEC-DDBE-37CD-9117-580556A71C00}
		{C59BBB05-4538-3F76-B225-970D864A8AD5} = {C59BBB05-4538-3F76-B225-970D864A8AD5}
		{59E7DA14-BE10-3849-996F-D72F4A2CC55F} = {59E7DA14-BE10-3849-996F-D72F4A2CC55F}
		{36FA05CD-F5F8-30F5-BB89-2D64210B7E92} = {36FA05CD-F5F8-30F5-BB89-2D64210B7E92}
		{5FF3065E-0A30-33A7-9721-F9847DDD831F} = {5FF3065E-0A30-33A7-9721-F9847DDD831F}
		{EF09AA05-9EC5-384D-A573-D56E8CC9133B} = {EF09AA05-9EC5-384D-A573-D56E8CC9133B}
		{01BD0F67-730D-3529-8C0D-DB1A99DF8DDD} = {01BD0F67-730D-3529-8C0D-DB1A99DF8DDD}
		{4A1C8B24-68FE-3BF8-865A-F61F07A5BA14} = {4A1C8B24-68FE-3BF8-865A-F61F07A5BA14}
		{023E77F6-FDCD-3D85-85A7-6539E34A51BA} = {023E77F6-FDCD-3D85-85A7-6539E34A51BA}
		{420DC337-BC8B-381E-AC7A-D215EDEE63E4} = {420DC337-BC8B-381E-AC7A-D215EDEE63E4}
		{0A8C58B6-4682-3D69-8A2C-BB2886AB5318} = {0A8C58B6-4682-3D69-8A2C-BB2886AB5318}
		{FD97CA06-CBAA-3FCC-B8F9-2CC1D89FD1EE} = {FD97CA06-CBAA-3FCC-B8F9-2CC1D89FD1EE}
	EndProjectSection
EndProject
Project("{8BC9CEB8-8B4A-11D0-8D11-00A0C91BC942}") = "Catch2WithMain", "_deps\catch-build\Catch2WithMain.vcxproj", "{6D51A0EF-54E0-3645-89A4-62008456A0A6}"
	ProjectSection(ProjectDependencies) = postProject
		{267EADEC-DDBE-37CD-9117-580556A71C00} = {267EADEC-DDBE-37CD-9117-580556A71C00}
	EndProjectSection
EndProject
Project("{8BC9CEB8-8B4A-11D0-8D11-00A0C91BC942}") = "INSTALL", "INSTALL.vcxproj", "{0C1399CE-2117-3D4D-AE9A-66221386BF52}"
	ProjectSection(ProjectDependencies) = postProject
		{3A5021FA-C395-317B-A2BF-F0D04164F857} = {3A5021FA-C395-317B-A2BF-F0D04164F857}
		{267EADEC-DDBE-37CD-9117-580556A71C00} = {267EADEC-DDBE-37CD-9117-580556A71C00}
	EndProjectSection
EndProject
Project("{8BC9CEB8-8B4A-11D0-8D11-00A0C91BC942}") = "RUN_TESTS", "RUN_TESTS.vcxproj", "{29F41546-4F19-3184-8BEF-A2460C3BDC5B}"
	ProjectSection(ProjectDependencies) = postProject
		{267EADEC-DDBE-37CD-9117-580556A71C00} = {267EADEC-DDBE-37CD-9117-580556A71C00}
	EndProjectSection
EndProject
Project("{8BC9CEB8-8B4A-11D0-8D11-00A0C91BC942}") = "ZERO_CHECK", "ZERO_CHECK.vcxproj", "{267EADEC-DDBE-37CD-9117-580556A71C00}"
	ProjectSection(ProjectDependencies) = postProject
	EndProjectSection
EndProject
Project("{8BC9CEB8-8B4A-11D0-8D11-00A0C91BC942}") = "cppast", "src\cppast.vcxproj", "{C59BBB05-4538-3F76-B225-970D864A8AD5}"
	ProjectSection(ProjectDependencies) = postProject
		{267EADEC-DDBE-37CD-9117-580556A71C00} = {267EADEC-DDBE-37CD-9117-580556A71C00}
		{FD97CA06-CBAA-3FCC-B8F9-2CC1D89FD1EE} = {FD97CA06-CBAA-3FCC-B8F9-2CC1D89FD1EE}
	EndProjectSection
EndProject
Project("{8BC9CEB8-8B4A-11D0-8D11-00A0C91BC942}") = "cppast_example_ast_printer", "example\cppast_example_ast_printer.vcxproj", "{59E7DA14-BE10-3849-996F-D72F4A2CC55F}"
	ProjectSection(ProjectDependencies) = postProject
		{267EADEC-DDBE-37CD-9117-580556A71C00} = {267EADEC-DDBE-37CD-9117-580556A71C00}
		{C59BBB05-4538-3F76-B225-970D864A8AD5} = {C59BBB05-4538-3F76-B225-970D864A8AD5}
		{FD97CA06-CBAA-3FCC-B8F9-2CC1D89FD1EE} = {FD97CA06-CBAA-3FCC-B8F9-2CC1D89FD1EE}
	EndProjectSection
EndProject
Project("{8BC9CEB8-8B4A-11D0-8D11-00A0C91BC942}") = "cppast_example_comparison", "example\cppast_example_comparison.vcxproj", "{36FA05CD-F5F8-30F5-BB89-2D64210B7E92}"
	ProjectSection(ProjectDependencies) = postProject
		{267EADEC-DDBE-37CD-9117-580556A71C00} = {267EADEC-DDBE-37CD-9117-580556A71C00}
		{C59BBB05-4538-3F76-B225-970D864A8AD5} = {C59BBB05-4538-3F76-B225-970D864A8AD5}
		{FD97CA06-CBAA-3FCC-B8F9-2CC1D89FD1EE} = {FD97CA06-CBAA-3FCC-B8F9-2CC1D89FD1EE}
	EndProjectSection
EndProject
Project("{8BC9CEB8-8B4A-11D0-8D11-00A0C91BC942}") = "cppast_example_documentation_generator", "example\cppast_example_documentation_generator.vcxproj", "{5FF3065E-0A30-33A7-9721-F9847DDD831F}"
	ProjectSection(ProjectDependencies) = postProject
		{267EADEC-DDBE-37CD-9117-580556A71C00} = {267EADEC-DDBE-37CD-9117-580556A71C00}
		{C59BBB05-4538-3F76-B225-970D864A8AD5} = {C59BBB05-4538-3F76-B225-970D864A8AD5}
		{FD97CA06-CBAA-3FCC-B8F9-2CC1D89FD1EE} = {FD97CA06-CBAA-3FCC-B8F9-2CC1D89FD1EE}
	EndProjectSection
EndProject
Project("{8BC9CEB8-8B4A-11D0-8D11-00A0C91BC942}") = "cppast_example_enum_category", "example\cppast_example_enum_category.vcxproj", "{EF09AA05-9EC5-384D-A573-D56E8CC9133B}"
	ProjectSection(ProjectDependencies) = postProject
		{267EADEC-DDBE-37CD-9117-580556A71C00} = {267EADEC-DDBE-37CD-9117-580556A71C00}
		{C59BBB05-4538-3F76-B225-970D864A8AD5} = {C59BBB05-4538-3F76-B225-970D864A8AD5}
		{FD97CA06-CBAA-3FCC-B8F9-2CC1D89FD1EE} = {FD97CA06-CBAA-3FCC-B8F9-2CC1D89FD1EE}
	EndProjectSection
EndProject
Project("{8BC9CEB8-8B4A-11D0-8D11-00A0C91BC942}") = "cppast_example_enum_to_string", "example\cppast_example_enum_to_string.vcxproj", "{01BD0F67-730D-3529-8C0D-DB1A99DF8DDD}"
	ProjectSection(ProjectDependencies) = postProject
		{267EADEC-DDBE-37CD-9117-580556A71C00} = {267EADEC-DDBE-37CD-9117-580556A71C00}
		{C59BBB05-4538-3F76-B225-970D864A8AD5} = {C59BBB05-4538-3F76-B225-970D864A8AD5}
		{FD97CA06-CBAA-3FCC-B8F9-2CC1D89FD1EE} = {FD97CA06-CBAA-3FCC-B8F9-2CC1D89FD1EE}
	EndProjectSection
EndProject
Project("{8BC9CEB8-8B4A-11D0-8D11-00A0C91BC942}") = "cppast_example_serialization", "example\cppast_example_serialization.vcxproj", "{4A1C8B24-68FE-3BF8-865A-F61F07A5BA14}"
	ProjectSection(ProjectDependencies) = postProject
		{267EADEC-DDBE-37CD-9117-580556A71C00} = {267EADEC-DDBE-37CD-9117-580556A71C00}
		{C59BBB05-4538-3F76-B225-970D864A8AD5} = {C59BBB05-4538-3F76-B225-970D864A8AD5}
		{FD97CA06-CBAA-3FCC-B8F9-2CC1D89FD1EE} = {FD97CA06-CBAA-3FCC-B8F9-2CC1D89FD1EE}
	EndProjectSection
EndProject
Project("{8BC9CEB8-8B4A-11D0-8D11-00A0C91BC942}") = "cppast_test", "test\cppast_test.vcxproj", "{023E77F6-FDCD-3D85-85A7-6539E34A51BA}"
	ProjectSection(ProjectDependencies) = postProject
		{267EADEC-DDBE-37CD-9117-580556A71C00} = {267EADEC-DDBE-37CD-9117-580556A71C00}
		{C59BBB05-4538-3F76-B225-970D864A8AD5} = {C59BBB05-4538-3F76-B225-970D864A8AD5}
		{FD97CA06-CBAA-3FCC-B8F9-2CC1D89FD1EE} = {FD97CA06-CBAA-3FCC-B8F9-2CC1D89FD1EE}
	EndProjectSection
EndProject
Project("{8BC9CEB8-8B4A-11D0-8D11-00A0C91BC942}") = "cppast_tool", "tool\cppast_tool.vcxproj", "{420DC337-BC8B-381E-AC7A-D215EDEE63E4}"
	ProjectSection(ProjectDependencies) = postProject
		{267EADEC-DDBE-37CD-9117-580556A71C00} = {267EADEC-DDBE-37CD-9117-580556A71C00}
		{C59BBB05-4538-3F76-B225-970D864A8AD5} = {C59BBB05-4538-3F76-B225-970D864A8AD5}
		{FD97CA06-CBAA-3FCC-B8F9-2CC1D89FD1EE} = {FD97CA06-CBAA-3FCC-B8F9-2CC1D89FD1EE}
	EndProjectSection
EndProject
Project("{8BC9CEB8-8B4A-11D0-8D11-00A0C91BC942}") = "example", "_deps\cxxopts-build\src\example.vcxproj", "{0A8C58B6-4682-3D69-8A2C-BB2886AB5318}"
	ProjectSection(ProjectDependencies) = postProject
		{267EADEC-DDBE-37CD-9117-580556A71C00} = {267EADEC-DDBE-37CD-9117-580556A71C00}
	EndProjectSection
EndProject
Project("{8BC9CEB8-8B4A-11D0-8D11-00A0C91BC942}") = "tiny-process-library", "external\tpl\tiny-process-library.vcxproj", "{FD97CA06-CBAA-3FCC-B8F9-2CC1D89FD1EE}"
	ProjectSection(ProjectDependencies) = postProject
		{267EADEC-DDBE-37CD-9117-580556A71C00} = {267EADEC-DDBE-37CD-9117-580556A71C00}
	EndProjectSection
EndProject
Global
	GlobalSection(SolutionConfigurationPlatforms) = preSolution
		Debug|x64 = Debug|x64
		Release|x64 = Release|x64
		MinSizeRel|x64 = MinSizeRel|x64
		RelWithDebInfo|x64 = RelWithDebInfo|x64
	EndGlobalSection
	GlobalSection(ProjectConfigurationPlatforms) = postSolution
		{3A5021FA-C395-317B-A2BF-F0D04164F857}.Debug|x64.ActiveCfg = Debug|x64
		{3A5021FA-C395-317B-A2BF-F0D04164F857}.Debug|x64.Build.0 = Debug|x64
		{3A5021FA-C395-317B-A2BF-F0D04164F857}.Release|x64.ActiveCfg = Release|x64
		{3A5021FA-C395-317B-A2BF-F0D04164F857}.Release|x64.Build.0 = Release|x64
		{3A5021FA-C395-317B-A2BF-F0D04164F857}.MinSizeRel|x64.ActiveCfg = MinSizeRel|x64
		{3A5021FA-C395-317B-A2BF-F0D04164F857}.MinSizeRel|x64.Build.0 = MinSizeRel|x64
		{3A5021FA-C395-317B-A2BF-F0D04164F857}.RelWithDebInfo|x64.ActiveCfg = RelWithDebInfo|x64
		{3A5021FA-C395-317B-A2BF-F0D04164F857}.RelWithDebInfo|x64.Build.0 = RelWithDebInfo|x64
		{6D51A0EF-54E0-3645-89A4-62008456A0A6}.Debug|x64.ActiveCfg = Debug|x64
		{6D51A0EF-54E0-3645-89A4-62008456A0A6}.Debug|x64.Build.0 = Debug|x64
		{6D51A0EF-54E0-3645-89A4-62008456A0A6}.Release|x64.ActiveCfg = Release|x64
		{6D51A0EF-54E0-3645-89A4-62008456A0A6}.Release|x64.Build.0 = Release|x64
		{6D51A0EF-54E0-3645-89A4-62008456A0A6}.MinSizeRel|x64.ActiveCfg = MinSizeRel|x64
		{6D51A0EF-54E0-3645-89A4-62008456A0A6}.MinSizeRel|x64.Build.0 = MinSizeRel|x64
		{6D51A0EF-54E0-3645-89A4-62008456A0A6}.RelWithDebInfo|x64.ActiveCfg = RelWithDebInfo|x64
		{6D51A0EF-54E0-3645-89A4-62008456A0A6}.RelWithDebInfo|x64.Build.0 = RelWithDebInfo|x64
		{0C1399CE-2117-3D4D-AE9A-66221386BF52}.Debug|x64.ActiveCfg = Debug|x64
		{0C1399CE-2117-3D4D-AE9A-66221386BF52}.Release|x64.ActiveCfg = Release|x64
		{0C1399CE-2117-3D4D-AE9A-66221386BF52}.MinSizeRel|x64.ActiveCfg = MinSizeRel|x64
		{0C1399CE-2117-3D4D-AE9A-66221386BF52}.RelWithDebInfo|x64.ActiveCfg = RelWithDebInfo|x64
		{29F41546-4F19-3184-8BEF-A2460C3BDC5B}.Debug|x64.ActiveCfg = Debug|x64
		{29F41546-4F19-3184-8BEF-A2460C3BDC5B}.Release|x64.ActiveCfg = Release|x64
		{29F41546-4F19-3184-8BEF-A2460C3BDC5B}.MinSizeRel|x64.ActiveCfg = MinSizeRel|x64
		{29F41546-4F19-3184-8BEF-A2460C3BDC5B}.RelWithDebInfo|x64.ActiveCfg = RelWithDebInfo|x64
		{267EADEC-DDBE-37CD-9117-580556A71C00}.Debug|x64.ActiveCfg = Debug|x64
		{267EADEC-DDBE-37CD-9117-580556A71C00}.Debug|x64.Build.0 = Debug|x64
		{267EADEC-DDBE-37CD-9117-580556A71C00}.Release|x64.ActiveCfg = Release|x64
		{267EADEC-DDBE-37CD-9117-580556A71C00}.Release|x64.Build.0 = Release|x64
		{267EADEC-DDBE-37CD-9117-580556A71C00}.MinSizeRel|x64.ActiveCfg = MinSizeRel|x64
		{267EADEC-DDBE-37CD-9117-580556A71C00}.MinSizeRel|x64.Build.0 = MinSizeRel|x64
		{267EADEC-DDBE-37CD-9117-580556A71C00}.RelWithDebInfo|x64.ActiveCfg = RelWithDebInfo|x64
		{267EADEC-DDBE-37CD-9117-580556A71C00}.RelWithDebInfo|x64.Build.0 = RelWithDebInfo|x64
		{C59BBB05-4538-3F76-B225-970D864A8AD5}.Debug|x64.ActiveCfg = Debug|x64
		{C59BBB05-4538-3F76-B225-970D864A8AD5}.Debug|x64.Build.0 = Debug|x64
		{C59BBB05-4538-3F76-B225-970D864A8AD5}.Release|x64.ActiveCfg = Release|x64
		{C59BBB05-4538-3F76-B225-970D864A8AD5}.Release|x64.Build.0 = Release|x64
		{C59BBB05-4538-3F76-B225-970D864A8AD5}.MinSizeRel|x64.ActiveCfg = MinSizeRel|x64
		{C59BBB05-4538-3F76-B225-970D864A8AD5}.MinSizeRel|x64.Build.0 = MinSizeRel|x64
		{C59BBB05-4538-3F76-B225-970D864A8AD5}.RelWithDebInfo|x64.ActiveCfg = RelWithDebInfo|x64
		{C59BBB05-4538-3F76-B225-970D864A8AD5}.RelWithDebInfo|x64.Build.0 = RelWithDebInfo|x64
		{59E7DA14-BE10-3849-996F-D72F4A2CC55F}.Debug|x64.ActiveCfg = Debug|x64
		{59E7DA14-BE10-3849-996F-D72F4A2CC55F}.Debug|x64.Build.0 = Debug|x64
		{59E7DA14-BE10-3849-996F-D72F4A2CC55F}.Release|x64.ActiveCfg = Release|x64
		{59E7DA14-BE10-3849-996F-D72F4A2CC55F}.Release|x64.Build.0 = Release|x64
		{59E7DA14-BE10-3849-996F-D72F4A2CC55F}.MinSizeRel|x64.ActiveCfg = MinSizeRel|x64
		{59E7DA14-BE10-3849-996F-D72F4A2CC55F}.MinSizeRel|x64.Build.0 = MinSizeRel|x64
		{59E7DA14-BE10-3849-996F-D72F4A2CC55F}.RelWithDebInfo|x64.ActiveCfg = RelWithDebInfo|x64
		{59E7DA14-BE10-3849-996F-D72F4A2CC55F}.RelWithDebInfo|x64.Build.0 = RelWithDebInfo|x64
		{36FA05CD-F5F8-30F5-BB89-2D64210B7E92}.Debug|x64.ActiveCfg = Debug|x64
		{36FA05CD-F5F8-30F5-BB89-2D64210B7E92}.Debug|x64.Build.0 = Debug|x64
		{36FA05CD-F5F8-30F5-BB89-2D64210B7E92}.Release|x64.ActiveCfg = Release|x64
		{36FA05CD-F5F8-30F5-BB89-2D64210B7E92}.Release|x64.Build.0 = Release|x64
		{36FA05CD-F5F8-30F5-BB89-2D64210B7E92}.MinSizeRel|x64.ActiveCfg = MinSizeRel|x64
		{36FA05CD-F5F8-30F5-BB89-2D64210B7E92}.MinSizeRel|x64.Build.0 = MinSizeRel|x64
		{36FA05CD-F5F8-30F5-BB89-2D64210B7E92}.RelWithDebInfo|x64.ActiveCfg = RelWithDebInfo|x64
		{36FA05CD-F5F8-30F5-BB89-2D64210B7E92}.RelWithDebInfo|x64.Build.0 = RelWithDebInfo|x64
		{5FF3065E-0A30-33A7-9721-F9847DDD831F}.Debug|x64.ActiveCfg = Debug|x64
		{5FF3065E-0A30-33A7-9721-F9847DDD831F}.Debug|x64.Build.0 = Debug|x64
		{5FF3065E-0A30-33A7-9721-F9847DDD831F}.Release|x64.ActiveCfg = Release|x64
		{5FF3065E-0A30-33A7-9721-F9847DDD831F}.Release|x64.Build.0 = Release|x64
		{5FF3065E-0A30-33A7-9721-F9847DDD831F}.MinSizeRel|x64.ActiveCfg = MinSizeRel|x64
		{5FF3065E-0A30-33A7-9721-F9847DDD831F}.MinSizeRel|x64.Build.0 = MinSizeRel|x64
		{5FF3065E-0A30-33A7-9721-F9847DDD831F}.RelWithDebInfo|x64.ActiveCfg = RelWithDebInfo|x64
		{5FF3065E-0A30-33A7-9721-F9847DDD831F}.RelWithDebInfo|x64.Build.0 = RelWithDebInfo|x64
		{EF09AA05-9EC5-384D-A573-D56E8CC9133B}.Debug|x64.ActiveCfg = Debug|x64
		{EF09AA05-9EC5-384D-A573-D56E8CC9133B}.Debug|x64.Build.0 = Debug|x64
		{EF09AA05-9EC5-384D-A573-D56E8CC9133B}.Release|x64.ActiveCfg = Release|x64
		{EF09AA05-9EC5-384D-A573-D56E8CC9133B}.Release|x64.Build.0 = Release|x64
		{EF09AA05-9EC5-384D-A573-D56E8CC9133B}.MinSizeRel|x64.ActiveCfg = MinSizeRel|x64
		{EF09AA05-9EC5-384D-A573-D56E8CC9133B}.MinSizeRel|x64.Build.0 = MinSizeRel|x64
		{EF09AA05-9EC5-384D-A573-D56E8CC9133B}.RelWithDebInfo|x64.ActiveCfg = RelWithDebInfo|x64
		{EF09AA05-9EC5-384D-A573-D56E8CC9133B}.RelWithDebInfo|x64.Build.0 = RelWithDebInfo|x64
		{01BD0F67-730D-3529-8C0D-DB1A99DF8DDD}.Debug|x64.ActiveCfg = Debug|x64
		{01BD0F67-730D-3529-8C0D-DB1A99DF8DDD}.Debug|x64.Build.0 = Debug|x64
		{01BD0F67-730D-3529-8C0D-DB1A99DF8DDD}.Release|x64.ActiveCfg = Release|x64
		{01BD0F67-730D-3529-8C0D-DB1A99DF8DDD}.Release|x64.Build.0 = Release|x64
		{01BD0F67-730D-3529-8C0D-DB1A99DF8DDD}.MinSizeRel|x64.ActiveCfg = MinSizeRel|x64
		{01BD0F67-730D-3529-8C0D-DB1A99DF8DDD}.MinSizeRel|x64.Build.0 = MinSizeRel|x64
		{01BD0F67-730D-3529-8C0D-DB1A99DF8DDD}.RelWithDebInfo|x64.ActiveCfg = RelWithDebInfo|x64
		{01BD0F67-730D-3529-8C0D-DB1A99DF8DDD}.RelWithDebInfo|x64.Build.0 = RelWithDebInfo|x64
		{4A1C8B24-68FE-3BF8-865A-F61F07A5BA14}.Debug|x64.ActiveCfg = Debug|x64
		{4A1C8B24-68FE-3BF8-865A-F61F07A5BA14}.Debug|x64.Build.0 = Debug|x64
		{4A1C8B24-68FE-3BF8-865A-F61F07A5BA14}.Release|x64.ActiveCfg = Release|x64
		{4A1C8B24-68FE-3BF8-865A-F61F07A5BA14}.Release|x64.Build.0 = Release|x64
		{4A1C8B24-68FE-3BF8-865A-F61F07A5BA14}.MinSizeRel|x64.ActiveCfg = MinSizeRel|x64
		{4A1C8B24-68FE-3BF8-865A-F61F07A5BA14}.MinSizeRel|x64.Build.0 = MinSizeRel|x64
		{4A1C8B24-68FE-3BF8-865A-F61F07A5BA14}.RelWithDebInfo|x64.ActiveCfg = RelWithDebInfo|x64
		{4A1C8B24-68FE-3BF8-865A-F61F07A5BA14}.RelWithDebInfo|x64.Build.0 = RelWithDebInfo|x64
		{023E77F6-FDCD-3D85-85A7-6539E34A51BA}.Debug|x64.ActiveCfg = Debug|x64
		{023E77F6-FDCD-3D85-85A7-6539E34A51BA}.Debug|x64.Build.0 = Debug|x64
		{023E77F6-FDCD-3D85-85A7-6539E34A51BA}.Release|x64.ActiveCfg = Release|x64
		{023E77F6-FDCD-3D85-85A7-6539E34A51BA}.Release|x64.Build.0 = Release|x64
		{023E77F6-FDCD-3D85-85A7-6539E34A51BA}.MinSizeRel|x64.ActiveCfg = MinSizeRel|x64
		{023E77F6-FDCD-3D85-85A7-6539E34A51BA}.MinSizeRel|x64.Build.0 = MinSizeRel|x64
		{023E77F6-FDCD-3D85-85A7-6539E34A51BA}.RelWithDebInfo|x64.ActiveCfg = RelWithDebInfo|x64
		{023E77F6-FDCD-3D85-85A7-6539E34A51BA}.RelWithDebInfo|x64.Build.0 = RelWithDebInfo|x64
		{420DC337-BC8B-381E-AC7A-D215EDEE63E4}.Debug|x64.ActiveCfg = Debug|x64
		{420DC337-BC8B-381E-AC7A-D215EDEE63E4}.Debug|x64.Build.0 = Debug|x64
		{420DC337-BC8B-381E-AC7A-D215EDEE63E4}.Release|x64.ActiveCfg = Release|x64
		{420DC337-BC8B-381E-AC7A-D215EDEE63E4}.Release|x64.Build.0 = Release|x64
		{420DC337-BC8B-381E-AC7A-D215EDEE63E4}.MinSizeRel|x64.ActiveCfg = MinSizeRel|x64
		{420DC337-BC8B-381E-AC7A-D215EDEE63E4}.MinSizeRel|x64.Build.0 = MinSizeRel|x64
		{420DC337-BC8B-381E-AC7A-D215EDEE63E4}.RelWithDebInfo|x64.ActiveCfg = RelWithDebInfo|x64
		{420DC337-BC8B-381E-AC7A-D215EDEE63E4}.RelWithDebInfo|x64.Build.0 = RelWithDebInfo|x64
		{0A8C58B6-4682-3D69-8A2C-BB2886AB5318}.Debug|x64.ActiveCfg = Debug|x64
		{0A8C58B6-4682-3D69-8A2C-BB2886AB5318}.Debug|x64.Build.0 = Debug|x64
		{0A8C58B6-4682-3D69-8A2C-BB2886AB5318}.Release|x64.ActiveCfg = Release|x64
		{0A8C58B6-4682-3D69-8A2C-BB2886AB5318}.Release|x64.Build.0 = Release|x64
		{0A8C58B6-4682-3D69-8A2C-BB2886AB5318}.MinSizeRel|x64.ActiveCfg = MinSizeRel|x64
		{0A8C58B6-4682-3D69-8A2C-BB2886AB5318}.MinSizeRel|x64.Build.0 = MinSizeRel|x64
		{0A8C58B6-4682-3D69-8A2C-BB2886AB5318}.RelWithDebInfo|x64.ActiveCfg = RelWithDebInfo|x64
		{0A8C58B6-4682-3D69-8A2C-BB2886AB5318}.RelWithDebInfo|x64.Build.0 = RelWithDebInfo|x64
		{FD97CA06-CBAA-3FCC-B8F9-2CC1D89FD1EE}.Debug|x64.ActiveCfg = Debug|x64
		{FD97CA06-CBAA-3FCC-B8F9-2CC1D89FD1EE}.Debug|x64.Build.0 = Debug|x64
		{FD97CA06-CBAA-3FCC-B8F9-2CC1D89FD1EE}.Release|x64.ActiveCfg = Release|x64
		{FD97CA06-CBAA-3FCC-B8F9-2CC1D89FD1EE}.Release|x64.Build.0 = Release|x64
		{FD97CA06-CBAA-3FCC-B8F9-2CC1D89FD1EE}.MinSizeRel|x64.ActiveCfg = MinSizeRel|x64
		{FD97CA06-CBAA-3FCC-B8F9-2CC1D89FD1EE}.MinSizeRel|x64.Build.0 = MinSizeRel|x64
		{FD97CA06-CBAA-3FCC-B8F9-2CC1D89FD1EE}.RelWithDebInfo|x64.ActiveCfg = RelWithDebInfo|x64
		{FD97CA06-CBAA-3FCC-B8F9-2CC1D89FD1EE}.RelWithDebInfo|x64.Build.0 = RelWithDebInfo|x64
	EndGlobalSection
	GlobalSection(ExtensibilityGlobals) = postSolution
		SolutionGuid = {F2F4CADB-FBA0-304E-BE7F-F4F4B15631F0}
	EndGlobalSection
	GlobalSection(ExtensibilityAddIns) = postSolution
	EndGlobalSection
EndGlobal
